
Microsoft Visual Studio Solution File, Format Version 11.00
# Visual Studio 2010
Project("{FAE04EC0-301F-11D3-BF4B-00C04F79EFBC}") = "MyControls", "MyControls\MyControls.csproj", "{F3CBEA96-B6F8-4E6F-A876-DA6F6DF7AE95}"
EndProject
Project("{FAE04EC0-301F-11D3-BF4B-00C04F79EFBC}") = "CSFramework.Tech.UserControl", "CSFramework.Tech.UserControl\CSFramework.Tech.UserControl.csproj", "{3818FF07-4419-40B0-B044-DE412E9AB91D}"
EndProject
Global
	GlobalSection(SolutionConfigurationPlatforms) = preSolution
		Debug|Any CPU = Debug|Any CPU
		Release|Any CPU = Release|Any CPU
	EndGlobalSection
	GlobalSection(ProjectConfigurationPlatforms) = postSolution
		{F3CBEA96-B6F8-4E6F-A876-DA6F6DF7AE95}.Debug|Any CPU.ActiveCfg = Debug|Any CPU
		{F3CBEA96-B6F8-4E6F-A876-DA6F6DF7AE95}.Debug|Any CPU.Build.0 = Debug|Any CPU
		{F3CBEA96-B6F8-4E6F-A876-DA6F6DF7AE95}.Release|Any CPU.ActiveCfg = Release|Any CPU
		{F3CBEA96-B6F8-4E6F-A876-DA6F6DF7AE95}.Release|Any CPU.Build.0 = Release|Any CPU
		{3818FF07-4419-40B0-B044-DE412E9AB91D}.Debug|Any CPU.ActiveCfg = Debug|Any CPU
		{3818FF07-4419-40B0-B044-DE412E9AB91D}.Debug|Any CPU.Build.0 = Debug|Any CPU
		{3818FF07-4419-40B0-B044-DE412E9AB91D}.Release|Any CPU.ActiveCfg = Release|Any CPU
		{3818FF07-4419-40B0-B044-DE412E9AB91D}.Release|Any CPU.Build.0 = Release|Any CPU
	EndGlobalSection
	GlobalSection(SolutionProperties) = preSolution
		HideSolutionNode = FALSE
	EndGlobalSection
EndGlobal
